{
    "_readme": [
        "This file locks the dependencies of your project to a known state",
        "Read more about it at https://getcomposer.org/doc/01-basic-usage.md#composer-lock-the-lock-file",
        "This file is @generated automatically"
    ],
    "hash": "405070a511083f62c3ce9f3928425ad2",
    "content-hash": "9e32b8b77d1e975144b456c04a46681c",
    "packages": [
        {
            "name": "alrik11es/cowsayphp",
            "version": "1.2.0",
            "source": {
                "type": "git",
                "url": "https://github.com/alrik11es/cowsayphp.git",
                "reference": "080dc10c8f5420fef35163569293601f17124eeb"
            },
            "dist": {
                "type": "zip",
                "url": "https://api.github.com/repos/alrik11es/cowsayphp/zipball/080dc10c8f5420fef35163569293601f17124eeb",
                "reference": "080dc10c8f5420fef35163569293601f17124eeb",
                "shasum": ""
            },
            "require": {
                "php": ">=5.6.0"
            },
            "require-dev": {
                "phpunit/phpunit": "5.*",
                "scrutinizer/ocular": "~1.1"
            },
            "bin": [
                "bin/cowsayphp"
            ],
            "type": "library",
            "extra": {
                "branch-alias": {
                    "dev-master": "1.0-dev"
                }
            },
            "autoload": {
                "psr-4": {
                    "Cowsayphp\\": "src"
                }
            },
            "notification-url": "https://packagist.org/downloads/",
            "license": [
                "MIT"
            ],
            "authors": [
                {
                    "name": "Marcos Sigueros",
                    "email": "alrik11es@gmail.com",
                    "homepage": "https://github.com/alrik11es",
                    "role": "Developer"
                }
            ],
            "description": "Cowsay port in PHP",
            "homepage": "https://github.com/alrik11es/cowsayphp",
            "keywords": [
                "cowsay"
            ],
            "time": "2016-08-25 07:53:44"
        },
        {
            "name": "mpdf/mpdf",
            "version": "v6.1.4",
            "source": {
                "type": "git",
                "url": "https://github.com/mpdf/mpdf.git",
                "reference": "e7310ce53b5c11db1f0b781fe0a69066608ac6e2"
            },
            "dist": {
                "type": "zip",
                "url": "https://api.github.com/repos/mpdf/mpdf/zipball/e7310ce53b5c11db1f0b781fe0a69066608ac6e2",
                "reference": "e7310ce53b5c11db1f0b781fe0a69066608ac6e2",
                "shasum": ""
            },
            "require": {
                "ext-mbstring": "*",
                "php": "^5.4.0 || 7.0.*",
                "setasign/fpdi": "1.6.*"
            },
            "require-dev": {
                "phpunit/phpunit": "^4.7"
            },
            "suggest": {
                "ext-zlib": "Needed for compression of embedded resources, such as fonts"
            },
            "type": "library",
            "autoload": {
                "classmap": [
                    "mpdf.php",
                    "classes"
                ]
            },
            "notification-url": "https://packagist.org/downloads/",
            "license": [
                "GPL-2.0"
            ],
            "authors": [
                {
                    "name": "Ian Back",
                    "role": "Developer"
                }
            ],
            "description": "A PHP class to generate PDF files from HTML with Unicode/UTF-8 and CJK support",
            "homepage": "http://mpdf.github.io",
            "keywords": [
                "pdf",
                "php",
                "utf-8"
            ],
            "time": "2017-07-09 16:46:12"
        },
        {
            "name": "neitanod/forceutf8",
            "version": "v2.0.1",
            "source": {
                "type": "git",
                "url": "https://github.com/neitanod/forceutf8.git",
                "reference": "47c883ab2739e7938a8bb0bfd1c29d48c88858de"
            },
            "dist": {
                "type": "zip",
                "url": "https://api.github.com/repos/neitanod/forceutf8/zipball/47c883ab2739e7938a8bb0bfd1c29d48c88858de",
                "reference": "47c883ab2739e7938a8bb0bfd1c29d48c88858de",
                "shasum": ""
            },
            "require": {
                "php": ">=5.3.0"
            },
            "type": "library",
            "autoload": {
                "psr-0": {
                    "ForceUTF8\\": "src/"
                }
            },
            "notification-url": "https://packagist.org/downloads/",
            "authors": [
                {
                    "name": "Sebastián Grignoli",
                    "email": "grignoli@gmail.com"
                }
            ],
            "description": "PHP Class Encoding featuring popular Encoding::toUTF8() function --formerly known as forceUTF8()-- that fixes mixed encoded strings.",
            "homepage": "https://github.com/neitanod/forceutf8",
            "time": "2017-05-22 18:50:57"
        },
        {
            "name": "pclzip/pclzip",
            "version": "2.8.2",
            "source": {
                "type": "git",
                "url": "https://github.com/ivanlanin/pclzip.git",
                "reference": "19dd1de9d3f5fc4d7d70175b4c344dee329f45fd"
            },
            "dist": {
                "type": "zip",
                "url": "https://api.github.com/repos/ivanlanin/pclzip/zipball/19dd1de9d3f5fc4d7d70175b4c344dee329f45fd",
                "reference": "19dd1de9d3f5fc4d7d70175b4c344dee329f45fd",
                "shasum": ""
            },
            "type": "library",
            "autoload": {
                "classmap": [
                    "pclzip.lib.php"
                ]
            },
            "notification-url": "https://packagist.org/downloads/",
            "license": [
                "LGPL-2.1"
            ],
            "authors": [
                {
                    "name": "Vincent Blavet"
                }
            ],
            "description": "A PHP library that offers compression and extraction functions for Zip formatted archives",
            "homepage": "http://www.phpconcept.net/pclzip",
            "keywords": [
                "php",
                "zip"
            ],
            "time": "2014-06-05 11:42:24"
        },
        {
            "name": "phpoffice/common",
            "version": "v0.2.6",
            "source": {
                "type": "git",
                "url": "https://github.com/PHPOffice/Common.git",
                "reference": "c9be70c80637c28c728be78e66aad4878a34f8dd"
            },
            "dist": {
                "type": "zip",
                "url": "https://api.github.com/repos/PHPOffice/Common/zipball/c9be70c80637c28c728be78e66aad4878a34f8dd",
                "reference": "c9be70c80637c28c728be78e66aad4878a34f8dd",
                "shasum": ""
            },
            "require": {
                "pclzip/pclzip": "^2.8",
                "php": ">=5.3.0"
            },
            "require-dev": {
                "phpdocumentor/phpdocumentor": "2.*",
                "phploc/phploc": "2.*",
                "phpmd/phpmd": "2.*",
                "phpunit/phpunit": "3.7.*",
                "sebastian/phpcpd": "2.*",
                "squizlabs/php_codesniffer": "2.*"
            },
            "type": "library",
            "autoload": {
                "psr-4": {
                    "PhpOffice\\Common\\": "src/Common/"
                }
            },
            "notification-url": "https://packagist.org/downloads/",
            "license": [
                "LGPL"
            ],
            "authors": [
                {
                    "name": "Mark Baker"
                },
                {
                    "name": "Franck Lefevre",
                    "homepage": "http://rootslabs.net"
                }
            ],
            "description": "PHPOffice Common",
            "homepage": "http://phpoffice.github.io",
            "keywords": [
                "common",
                "component",
                "office",
                "php"
            ],
            "time": "2016-07-07 17:26:55"
        },
        {
            "name": "phpoffice/phpword",
            "version": "v0.13.0",
            "source": {
                "type": "git",
                "url": "https://github.com/PHPOffice/PHPWord.git",
                "reference": "0a3f873972defb304de4fa2f5f53156558c11a7a"
            },
            "dist": {
                "type": "zip",
                "url": "https://api.github.com/repos/PHPOffice/PHPWord/zipball/0a3f873972defb304de4fa2f5f53156558c11a7a",
                "reference": "0a3f873972defb304de4fa2f5f53156558c11a7a",
                "shasum": ""
            },
            "require": {
                "ext-xml": "*",
                "php": ">=5.3.3",
                "phpoffice/common": "0.2.*",
                "zendframework/zend-escaper": "2.4.*",
                "zendframework/zend-stdlib": "2.4.*",
                "zendframework/zend-validator": "2.4.*"
            },
            "require-dev": {
                "dompdf/dompdf": "0.6.*",
                "mpdf/mpdf": "5.*",
                "phpdocumentor/phpdocumentor": "2.*",
                "phploc/phploc": "2.*",
                "phpmd/phpmd": "2.*",
                "phpunit/phpunit": "3.7.*",
                "squizlabs/php_codesniffer": "1.*",
                "tecnickcom/tcpdf": "6.*"
            },
            "suggest": {
                "dompdf/dompdf": "Allows writing PDF",
                "ext-gd2": "Allows adding images",
                "ext-xmlwriter": "Allows writing OOXML and ODF",
                "ext-xsl": "Allows applying XSL style sheet to headers, to main document part, and to footers of an OOXML template",
                "ext-zip": "Allows writing OOXML and ODF"
            },
            "type": "library",
            "autoload": {
                "psr-4": {
                    "PhpOffice\\PhpWord\\": "src/PhpWord"
                }
            },
            "notification-url": "https://packagist.org/downloads/",
            "license": [
                "LGPL-3.0"
            ],
            "authors": [
                {
                    "name": "Mark Baker"
                },
                {
                    "name": "Franck Lefevre",
                    "homepage": "http://blog.rootslabs.net"
                },
                {
                    "name": "Gabriel Bull",
                    "email": "me@gabrielbull.com",
                    "homepage": "http://gabrielbull.com/"
                },
                {
                    "name": "Ivan Lanin",
                    "homepage": "http://ivan.lanin.org"
                },
                {
                    "name": "Roman Syroeshko",
                    "homepage": "http://ru.linkedin.com/pub/roman-syroeshko/34/a53/994/"
                }
            ],
            "description": "PHPWord - A pure PHP library for reading and writing word processing documents (OOXML, ODF, RTF, HTML, PDF)",
            "homepage": "http://phpoffice.github.io",
            "keywords": [
                "ISO IEC 29500",
                "OOXML",
                "Office Open XML",
                "OpenDocument",
                "OpenXML",
                "PhpOffice",
                "PhpWord",
                "Rich Text Format",
                "WordprocessingML",
                "doc",
                "docx",
                "html",
                "odf",
                "odt",
                "office",
                "pdf",
                "php",
                "reader",
                "rtf",
                "template",
                "template processor",
                "word",
                "writer"
            ],
            "time": "2016-07-31 08:53:39"
        },
        {
            "name": "setasign/fpdi",
            "version": "1.6.2",
            "source": {
                "type": "git",
                "url": "https://github.com/Setasign/FPDI.git",
                "reference": "a6ad58897a6d97cc2d2cd2adaeda343b25a368ea"
            },
            "dist": {
                "type": "zip",
                "url": "https://api.github.com/repos/Setasign/FPDI/zipball/a6ad58897a6d97cc2d2cd2adaeda343b25a368ea",
                "reference": "a6ad58897a6d97cc2d2cd2adaeda343b25a368ea",
                "shasum": ""
            },
            "suggest": {
                "setasign/fpdf": "FPDI will extend this class but as it is also possible to use \"tecnickcom/tcpdf\" as an alternative there's no fixed dependency configured.",
                "setasign/fpdi-fpdf": "Use this package to automatically evaluate dependencies to FPDF.",
                "setasign/fpdi-tcpdf": "Use this package to automatically evaluate dependencies to TCPDF."
            },
            "type": "library",
            "autoload": {
                "classmap": [
                    "filters/",
                    "fpdi.php",
                    "fpdf_tpl.php",
                    "fpdi_pdf_parser.php",
                    "pdf_context.php"
                ]
            },
            "notification-url": "https://packagist.org/downloads/",
            "license": [
                "MIT"
            ],
            "authors": [
                {
                    "name": "Jan Slabon",
                    "email": "jan.slabon@setasign.com",
                    "homepage": "https://www.setasign.com"
                }
            ],
            "description": "FPDI is a collection of PHP classes facilitating developers to read pages from existing PDF documents and use them as templates in FPDF. Because it is also possible to use FPDI with TCPDF, there are no fixed dependencies defined. Please see suggestions for packages which evaluates the dependencies automatically.",
            "homepage": "https://www.setasign.com/fpdi",
            "keywords": [
                "fpdf",
                "fpdi",
                "pdf"
            ],
            "time": "2017-05-11 14:25:49"
        },
        {
            "name": "zendframework/zend-escaper",
            "version": "2.4.13",
            "source": {
                "type": "git",
                "url": "https://github.com/zendframework/zend-escaper.git",
                "reference": "13f468ff824f3c83018b90aff892a1b3201383a9"
            },
            "dist": {
                "type": "zip",
                "url": "https://api.github.com/repos/zendframework/zend-escaper/zipball/13f468ff824f3c83018b90aff892a1b3201383a9",
                "reference": "13f468ff824f3c83018b90aff892a1b3201383a9",
                "shasum": ""
            },
            "require": {
                "php": ">=5.3.23"
            },
            "require-dev": {
                "fabpot/php-cs-fixer": "1.7.*",
                "phpunit/phpunit": "~4.0",
                "satooshi/php-coveralls": "dev-master"
            },
            "type": "library",
            "extra": {
                "branch-alias": {
                    "dev-master": "2.4-dev",
                    "dev-develop": "2.5-dev"
                }
            },
            "autoload": {
                "psr-4": {
                    "Zend\\Escaper\\": "src/"
                }
            },
            "notification-url": "https://packagist.org/downloads/",
            "license": [
                "BSD-3-Clause"
            ],
            "homepage": "https://github.com/zendframework/zend-escaper",
            "keywords": [
                "escaper",
                "zf2"
            ],
            "time": "2015-05-07 14:55:31"
        },
        {
            "name": "zendframework/zend-stdlib",
            "version": "2.4.13",
            "source": {
                "type": "git",
                "url": "https://github.com/zendframework/zend-stdlib.git",
                "reference": "d8ecb629a72da9f91bd95c5af006384823560b42"
            },
            "dist": {
                "type": "zip",
                "url": "https://api.github.com/repos/zendframework/zend-stdlib/zipball/d8ecb629a72da9f91bd95c5af006384823560b42",
                "reference": "d8ecb629a72da9f91bd95c5af006384823560b42",
                "shasum": ""
            },
            "require": {
                "php": ">=5.3.23"
            },
            "require-dev": {
                "fabpot/php-cs-fixer": "1.7.*",
                "phpunit/phpunit": "~4.0",
                "satooshi/php-coveralls": "dev-master",
                "zendframework/zend-eventmanager": "self.version",
                "zendframework/zend-filter": "self.version",
                "zendframework/zend-serializer": "self.version",
                "zendframework/zend-servicemanager": "self.version"
            },
            "suggest": {
                "zendframework/zend-eventmanager": "To support aggregate hydrator usage",
                "zendframework/zend-filter": "To support naming strategy hydrator usage",
                "zendframework/zend-serializer": "Zend\\Serializer component",
                "zendframework/zend-servicemanager": "To support hydrator plugin manager usage"
            },
            "type": "library",
            "extra": {
                "branch-alias": {
                    "dev-master": "2.4-dev",
                    "dev-develop": "2.5-dev"
                }
            },
            "autoload": {
                "psr-4": {
                    "Zend\\Stdlib\\": "src/"
                }
            },
            "notification-url": "https://packagist.org/downloads/",
            "license": [
                "BSD-3-Clause"
            ],
            "homepage": "https://github.com/zendframework/zend-stdlib",
            "keywords": [
                "stdlib",
                "zf2"
            ],
            "time": "2015-07-21 13:55:46"
        },
        {
            "name": "zendframework/zend-validator",
            "version": "2.4.13",
            "source": {
                "type": "git",
                "url": "https://github.com/zendframework/zend-validator.git",
                "reference": "81415511fe729e6de19a61936313cef43c80d337"
            },
            "dist": {
                "type": "zip",
                "url": "https://api.github.com/repos/zendframework/zend-validator/zipball/81415511fe729e6de19a61936313cef43c80d337",
                "reference": "81415511fe729e6de19a61936313cef43c80d337",
                "shasum": ""
            },
            "require": {
                "php": ">=5.3.23",
                "zendframework/zend-stdlib": "~2.4.0"
            },
            "require-dev": {
                "fabpot/php-cs-fixer": "1.7.*",
                "phpunit/phpunit": "~4.0",
                "satooshi/php-coveralls": "dev-master",
                "zendframework/zend-config": "~2.4.0",
                "zendframework/zend-db": "~2.4.0",
                "zendframework/zend-filter": "~2.4.0",
                "zendframework/zend-i18n": "~2.4.0",
                "zendframework/zend-math": "~2.4.0",
                "zendframework/zend-servicemanager": "~2.4.0",
                "zendframework/zend-session": "~2.4.0",
                "zendframework/zend-uri": "~2.4.0"
            },
            "suggest": {
                "zendframework/zend-db": "Zend\\Db component",
                "zendframework/zend-filter": "Zend\\Filter component, required by the Digits validator",
                "zendframework/zend-i18n": "Zend\\I18n component to allow translation of validation error messages as well as to use the various Date validators",
                "zendframework/zend-math": "Zend\\Math component",
                "zendframework/zend-resources": "Translations of validator messages",
                "zendframework/zend-servicemanager": "Zend\\ServiceManager component to allow using the ValidatorPluginManager and validator chains",
                "zendframework/zend-session": "Zend\\Session component",
                "zendframework/zend-uri": "Zend\\Uri component, required by the Uri and Sitemap\\Loc validators"
            },
            "type": "library",
            "extra": {
                "branch-alias": {
                    "dev-master": "2.4-dev",
                    "dev-develop": "2.5-dev"
                }
            },
            "autoload": {
                "psr-4": {
                    "Zend\\Validator\\": "src/"
                }
            },
            "notification-url": "https://packagist.org/downloads/",
            "license": [
                "BSD-3-Clause"
            ],
            "description": "provides a set of commonly needed validators",
            "homepage": "https://github.com/zendframework/zend-validator",
            "keywords": [
                "validator",
                "zf2"
            ],
            "time": "2015-09-08 21:04:17"
        }
    ],
    "packages-dev": [
        {
            "name": "kriansa/h2p",
            "version": "dev-master",
            "source": {
                "type": "git",
                "url": "https://github.com/kriansa/h2p.git",
                "reference": "30eee29436ece249beb420a431b9262ef02ac6d3"
            },
            "dist": {
                "type": "zip",
                "url": "https://api.github.com/repos/kriansa/h2p/zipball/30eee29436ece249beb420a431b9262ef02ac6d3",
                "reference": "30eee29436ece249beb420a431b9262ef02ac6d3",
                "shasum": ""
            },
            "require": {
                "php": ">=5.3.0"
            },
            "type": "library",
            "autoload": {
                "psr-0": {
                    "H2P\\": "src/"
                }
            },
            "notification-url": "https://packagist.org/downloads/",
            "license": [
                "MIT"
            ],
            "authors": [
                {
                    "name": "Daniel Garajau",
                    "email": "kriansa@facebook.com"
                }
            ],
            "description": "A simple library to convert HTML files to PDF using PhantomJS",
            "homepage": "http://github.com/kriansa/h2p",
            "keywords": [
                "html",
                "pdf",
                "phantomjs"
            ],
            "time": "2016-03-24 14:06:09"
        },
        {
            "name": "kriansa/openboleto",
            "version": "dev-master",
            "source": {
                "type": "git",
                "url": "https://github.com/kriansa/openboleto.git",
                "reference": "3c5f3d2cf5aff13962581ed15e7611acb1ae11b6"
            },
            "dist": {
                "type": "zip",
                "url": "https://api.github.com/repos/kriansa/openboleto/zipball/3c5f3d2cf5aff13962581ed15e7611acb1ae11b6",
                "reference": "3c5f3d2cf5aff13962581ed15e7611acb1ae11b6",
                "shasum": ""
            },
            "require": {
                "php": ">=5.3.0"
            },
            "type": "library",
            "autoload": {
                "psr-0": {
                    "OpenBoleto\\": "src/"
                }
            },
            "notification-url": "https://packagist.org/downloads/",
            "license": [
                "MIT"
            ],
            "authors": [
                {
                    "name": "Daniel Garajau",
                    "email": "kriansa@facebook.com"
                }
            ],
            "description": "Biblioteca para geração de boletos bancários.",
            "homepage": "http://github.com/kriansa/openboleto",
            "keywords": [
                "boleto",
                "boleto bancario"
            ],
            "time": "2016-03-14 13:31:03"
        },
        {
            "name": "mikey179/vfsStream",
            "version": "v1.1.0",
            "source": {
                "type": "git",
                "url": "https://github.com/mikey179/vfsStream.git",
                "reference": "fc0fe8f4d0b527254a2dc45f0c265567c881d07e"
            },
            "dist": {
                "type": "zip",
                "url": "https://api.github.com/repos/mikey179/vfsStream/zipball/fc0fe8f4d0b527254a2dc45f0c265567c881d07e",
                "reference": "fc0fe8f4d0b527254a2dc45f0c265567c881d07e",
                "shasum": ""
            },
            "require": {
                "php": ">=5.3.0"
            },
            "type": "library",
            "autoload": {
                "psr-0": {
                    "org\\bovigo\\vfs": "src/main/php"
                }
            },
            "notification-url": "https://packagist.org/downloads/",
            "license": [
                "BSD"
            ],
            "homepage": "http://vfs.bovigo.org/",
            "time": "2012-08-25 12:49:29"
        }
    ],
    "aliases": [],
    "minimum-stability": "stable",
    "stability-flags": {
        "kriansa/openboleto": 20,
        "kriansa/h2p": 20
    },
    "prefer-stable": false,
    "prefer-lowest": false,
    "platform": {
        "php": ">=5.2.4"
    },
    "platform-dev": []
}
